
Microsoft Visual Studio Solution File, Format Version 12.00
# Visual Studio Version 16
VisualStudioVersion = 16.0.32002.261
MinimumVisualStudioVersion = 10.0.40219.1
Project("{FAE04EC0-301F-11D3-BF4B-00C04F79EFBC}") = "Sudoku", "Sudoku.csproj", "{032D957B-290E-403C-A017-CD051864FD9D}"
EndProject
Global
	GlobalSection(SolutionConfigurationPlatforms) = preSolution
		Debug|Any CPU = Debug|Any CPU
		Debug|x64 = Debug|x64
		Release|Any CPU = Release|Any CPU
		Release|x64 = Release|x64
	EndGlobalSection
	GlobalSection(ProjectConfigurationPlatforms) = postSolution
		{032D957B-290E-403C-A017-CD051864FD9D}.Debug|Any CPU.ActiveCfg = Debug|Any CPU
		{032D957B-290E-403C-A017-CD051864FD9D}.Debug|Any CPU.Build.0 = Debug|Any CPU
		{032D957B-290E-403C-A017-CD051864FD9D}.Debug|x64.ActiveCfg = Debug|x64
		{032D957B-290E-403C-A017-CD051864FD9D}.Debug|x64.Build.0 = Debug|x64
		{032D957B-290E-403C-A017-CD051864FD9D}.Release|Any CPU.ActiveCfg = Release|Any CPU
		{032D957B-290E-403C-A017-CD051864FD9D}.Release|Any CPU.Build.0 = Release|Any CPU
		{032D957B-290E-403C-A017-CD051864FD9D}.Release|x64.ActiveCfg = Release|x64
		{032D957B-290E-403C-A017-CD051864FD9D}.Release|x64.Build.0 = Release|x64
	EndGlobalSection
	GlobalSection(SolutionProperties) = preSolution
		HideSolutionNode = FALSE
	EndGlobalSection
	GlobalSection(ExtensibilityGlobals) = postSolution
		SolutionGuid = {787AFC26-B7F7-4171-AF24-5013E9E50C8F}
	EndGlobalSection
EndGlobal
